
Microsoft Visual Studio Solution File, Format Version 12.00
# Visual Studio 2012
Project("{FAE04EC0-301F-11D3-BF4B-00C04F79EFBC}") = "Question3-6", "Question3-6.csproj", "{EDB71909-A84C-4B2D-B1CE-594AAC6B0BF0}"
EndProject
Global
	GlobalSection(SolutionConfigurationPlatforms) = preSolution
		Debug|Any CPU = Debug|Any CPU
		Release|Any CPU = Release|Any CPU
	EndGlobalSection
	GlobalSection(ProjectConfigurationPlatforms) = postSolution
		{EDB71909-A84C-4B2D-B1CE-594AAC6B0BF0}.Debug|Any CPU.ActiveCfg = Debug|Any CPU
		{EDB71909-A84C-4B2D-B1CE-594AAC6B0BF0}.Debug|Any CPU.Build.0 = Debug|Any CPU
		{EDB71909-A84C-4B2D-B1CE-594AAC6B0BF0}.Release|Any CPU.ActiveCfg = Release|Any CPU
		{EDB71909-A84C-4B2D-B1CE-594AAC6B0BF0}.Release|Any CPU.Build.0 = Release|Any CPU
	EndGlobalSection
	GlobalSection(SolutionProperties) = preSolution
		HideSolutionNode = FALSE
	EndGlobalSection
EndGlobal
