
Microsoft Visual Studio Solution File, Format Version 12.00
# Visual Studio 2012
Project("{FAE04EC0-301F-11D3-BF4B-00C04F79EFBC}") = "Question3-3", "Question3-3.csproj", "{99414727-4D13-401F-9448-99EC4BC4089B}"
EndProject
Global
	GlobalSection(SolutionConfigurationPlatforms) = preSolution
		Debug|Any CPU = Debug|Any CPU
		Release|Any CPU = Release|Any CPU
	EndGlobalSection
	GlobalSection(ProjectConfigurationPlatforms) = postSolution
		{99414727-4D13-401F-9448-99EC4BC4089B}.Debug|Any CPU.ActiveCfg = Debug|Any CPU
		{99414727-4D13-401F-9448-99EC4BC4089B}.Debug|Any CPU.Build.0 = Debug|Any CPU
		{99414727-4D13-401F-9448-99EC4BC4089B}.Release|Any CPU.ActiveCfg = Release|Any CPU
		{99414727-4D13-401F-9448-99EC4BC4089B}.Release|Any CPU.Build.0 = Release|Any CPU
	EndGlobalSection
	GlobalSection(SolutionProperties) = preSolution
		HideSolutionNode = FALSE
	EndGlobalSection
EndGlobal
