
Microsoft Visual Studio Solution File, Format Version 12.00
# Visual Studio 2012
Project("{FAE04EC0-301F-11D3-BF4B-00C04F79EFBC}") = "Question1.8", "Question1.8.csproj", "{0711760E-74F5-499F-9E8C-37673C96DCFF}"
EndProject
Global
	GlobalSection(SolutionConfigurationPlatforms) = preSolution
		Debug|Any CPU = Debug|Any CPU
		Release|Any CPU = Release|Any CPU
	EndGlobalSection
	GlobalSection(ProjectConfigurationPlatforms) = postSolution
		{0711760E-74F5-499F-9E8C-37673C96DCFF}.Debug|Any CPU.ActiveCfg = Debug|Any CPU
		{0711760E-74F5-499F-9E8C-37673C96DCFF}.Debug|Any CPU.Build.0 = Debug|Any CPU
		{0711760E-74F5-499F-9E8C-37673C96DCFF}.Release|Any CPU.ActiveCfg = Release|Any CPU
		{0711760E-74F5-499F-9E8C-37673C96DCFF}.Release|Any CPU.Build.0 = Release|Any CPU
	EndGlobalSection
	GlobalSection(SolutionProperties) = preSolution
		HideSolutionNode = FALSE
	EndGlobalSection
EndGlobal
